
Microsoft Visual Studio Solution File, Format Version 12.00
# Visual Studio 15
VisualStudioVersion = 15.0.28307.168
MinimumVisualStudioVersion = 10.0.40219.1
Project("{FAE04EC0-301F-11D3-BF4B-00C04F79EFBC}") = "WPFLearning", "WPFLearning\WPFLearning.csproj", "{FC4090B2-D056-4750-9AEB-7F135501E462}"
EndProject
Global
	GlobalSection(SolutionConfigurationPlatforms) = preSolution
		Debug|Any CPU = Debug|Any CPU
		Release|Any CPU = Release|Any CPU
	EndGlobalSection
	GlobalSection(ProjectConfigurationPlatforms) = postSolution
		{FC4090B2-D056-4750-9AEB-7F135501E462}.Debug|Any CPU.ActiveCfg = Debug|Any CPU
		{FC4090B2-D056-4750-9AEB-7F135501E462}.Debug|Any CPU.Build.0 = Debug|Any CPU
		{FC4090B2-D056-4750-9AEB-7F135501E462}.Release|Any CPU.ActiveCfg = Release|Any CPU
		{FC4090B2-D056-4750-9AEB-7F135501E462}.Release|Any CPU.Build.0 = Release|Any CPU
	EndGlobalSection
	GlobalSection(SolutionProperties) = preSolution
		HideSolutionNode = FALSE
	EndGlobalSection
	GlobalSection(ExtensibilityGlobals) = postSolution
		SolutionGuid = {9F3AD861-1824-4682-8F4D-7CC491C1C89D}
	EndGlobalSection
EndGlobal
